
Microsoft Visual Studio Solution File, Format Version 12.00
# Visual Studio Version 17
VisualStudioVersion = 17.4.33205.214
MinimumVisualStudioVersion = 10.0.40219.1
Project("{9A19103F-16F7-4668-BE54-9A1E7A4F7556}") = "ShoppingCart", "ShoppingCart\ShoppingCart.csproj", "{46F4AC76-A5B5-488D-8FE3-3196F1C441E8}"
EndProject
Project("{9A19103F-16F7-4668-BE54-9A1E7A4F7556}") = "Productservice", "Productservice\Productservice.csproj", "{9BDA6EC1-BA10-43E3-89CC-869DFDE3853E}"
EndProject
Global
	GlobalSection(SolutionConfigurationPlatforms) = preSolution
		Debug|Any CPU = Debug|Any CPU
		Release|Any CPU = Release|Any CPU
	EndGlobalSection
	GlobalSection(ProjectConfigurationPlatforms) = postSolution
		{46F4AC76-A5B5-488D-8FE3-3196F1C441E8}.Debug|Any CPU.ActiveCfg = Debug|Any CPU
		{46F4AC76-A5B5-488D-8FE3-3196F1C441E8}.Debug|Any CPU.Build.0 = Debug|Any CPU
		{46F4AC76-A5B5-488D-8FE3-3196F1C441E8}.Release|Any CPU.ActiveCfg = Release|Any CPU
		{46F4AC76-A5B5-488D-8FE3-3196F1C441E8}.Release|Any CPU.Build.0 = Release|Any CPU
		{9BDA6EC1-BA10-43E3-89CC-869DFDE3853E}.Debug|Any CPU.ActiveCfg = Debug|Any CPU
		{9BDA6EC1-BA10-43E3-89CC-869DFDE3853E}.Debug|Any CPU.Build.0 = Debug|Any CPU
		{9BDA6EC1-BA10-43E3-89CC-869DFDE3853E}.Release|Any CPU.ActiveCfg = Release|Any CPU
		{9BDA6EC1-BA10-43E3-89CC-869DFDE3853E}.Release|Any CPU.Build.0 = Release|Any CPU
	EndGlobalSection
	GlobalSection(SolutionProperties) = preSolution
		HideSolutionNode = FALSE
	EndGlobalSection
	GlobalSection(ExtensibilityGlobals) = postSolution
		SolutionGuid = {F206E708-14B4-4DA9-8432-7EB73917353A}
	EndGlobalSection
EndGlobal
